// !$*UTF8*$!
{
	archiveVersion = 1;
	classes = {
	};
	objectVersion = 55;
	objects = {

/* Begin PBXBuildFile section */
		C0056B7F29DC5E58003CBE3F /* StartNode.swift in Sources */ = {isa = PBXBuildFile; fileRef = C0056B7E29DC5E58003CBE3F /* StartNode.swift */; };
		C0056B8129DC69D9003CBE3F /* GameNode.swift in Sources */ = {isa = PBXBuildFile; fileRef = C0056B8029DC69D9003CBE3F /* GameNode.swift */; };
		C0056B8329DDA770003CBE3F /* PauseButton.swift in Sources */ = {isa = PBXBuildFile; fileRef = C0056B8229DDA770003CBE3F /* PauseButton.swift */; };
		C0CCFCAB29D44DCF00F91ED1 /* AppDelegate.swift in Sources */ = {isa = PBXBuildFile; fileRef = C0CCFCAA29D44DCF00F91ED1 /* AppDelegate.swift */; };
		C0CCFCB129D44DCF00F91ED1 /* GameScene.swift in Sources */ = {isa = PBXBuildFile; fileRef = C0CCFCB029D44DCF00F91ED1 /* GameScene.swift */; };
		C0CCFCB329D44DCF00F91ED1 /* GameViewController.swift in Sources */ = {isa = PBXBuildFile; fileRef = C0CCFCB229D44DCF00F91ED1 /* GameViewController.swift */; };
		C0CCFCB629D44DCF00F91ED1 /* Main.storyboard in Resources */ = {isa = PBXBuildFile; fileRef = C0CCFCB429D44DCF00F91ED1 /* Main.storyboard */; };
		C0CCFCB829D44DD100F91ED1 /* Assets.xcassets in Resources */ = {isa = PBXBuildFile; fileRef = C0CCFCB729D44DD100F91ED1 /* Assets.xcassets */; };
		C0CCFCBB29D44DD100F91ED1 /* LaunchScreen.storyboard in Resources */ = {isa = PBXBuildFile; fileRef = C0CCFCB929D44DD100F91ED1 /* LaunchScreen.storyboard */; };
/* End PBXBuildFile section */

/* Begin PBXFileReference section */
		C0056B7E29DC5E58003CBE3F /* StartNode.swift */ = {isa = PBXFileReference; lastKnownFileType = sourcecode.swift; path = StartNode.swift; sourceTree = "<group>"; };
		C0056B8029DC69D9003CBE3F /* GameNode.swift */ = {isa = PBXFileReference; lastKnownFileType = sourcecode.swift; path = GameNode.swift; sourceTree = "<group>"; };
		C0056B8229DDA770003CBE3F /* PauseButton.swift */ = {isa = PBXFileReference; lastKnownFileType = sourcecode.swift; path = PauseButton.swift; sourceTree = "<group>"; };
		C0CCFCA729D44DCF00F91ED1 /* DualScreenGame.app */ = {isa = PBXFileReference; explicitFileType = wrapper.application; includeInIndex = 0; path = DualScreenGame.app; sourceTree = BUILT_PRODUCTS_DIR; };
		C0CCFCAA29D44DCF00F91ED1 /* AppDelegate.swift */ = {isa = PBXFileReference; lastKnownFileType = sourcecode.swift; path = AppDelegate.swift; sourceTree = "<group>"; };
		C0CCFCB029D44DCF00F91ED1 /* GameScene.swift */ = {isa = PBXFileReference; lastKnownFileType = sourcecode.swift; path = GameScene.swift; sourceTree = "<group>"; };
		C0CCFCB229D44DCF00F91ED1 /* GameViewController.swift */ = {isa = PBXFileReference; lastKnownFileType = sourcecode.swift; path = GameViewController.swift; sourceTree = "<group>"; };
		C0CCFCB529D44DCF00F91ED1 /* Base */ = {isa = PBXFileReference; lastKnownFileType = file.storyboard; name = Base; path = Base.lproj/Main.storyboard; sourceTree = "<group>"; };
		C0CCFCB729D44DD100F91ED1 /* Assets.xcassets */ = {isa = PBXFileReference; lastKnownFileType = folder.assetcatalog; path = Assets.xcassets; sourceTree = "<group>"; };
		C0CCFCBA29D44DD100F91ED1 /* Base */ = {isa = PBXFileReference; lastKnownFileType = file.storyboard; name = Base; path = Base.lproj/LaunchScreen.storyboard; sourceTree = "<group>"; };
/* End PBXFileReference section */

/* Begin PBXFrameworksBuildPhase section */
		C0CCFCA429D44DCF00F91ED1 /* Frameworks */ = {
			isa = PBXFrameworksBuildPhase;
			buildActionMask = 2147483647;
			files = (
			);
			runOnlyForDeploymentPostprocessing = 0;
		};
/* End PBXFrameworksBuildPhase section */

/* Begin PBXGroup section */
		C0056B8429DDA775003CBE3F /* Classes */ = {
			isa = PBXGroup;
			children = (
				C0056B8029DC69D9003CBE3F /* GameNode.swift */,
				C0056B7E29DC5E58003CBE3F /* StartNode.swift */,
				C0056B8229DDA770003CBE3F /* PauseButton.swift */,
			);
			path = Classes;
			sourceTree = "<group>";
		};
		C0CCFC9E29D44DCF00F91ED1 = {
			isa = PBXGroup;
			children = (
				C0CCFCA929D44DCF00F91ED1 /* DualScreenGame */,
				C0CCFCA829D44DCF00F91ED1 /* Products */,
			);
			sourceTree = "<group>";
		};
		C0CCFCA829D44DCF00F91ED1 /* Products */ = {
			isa = PBXGroup;
			children = (
				C0CCFCA729D44DCF00F91ED1 /* DualScreenGame.app */,
			);
			name = Products;
			sourceTree = "<group>";
		};
		C0CCFCA929D44DCF00F91ED1 /* DualScreenGame */ = {
			isa = PBXGroup;
			children = (
				C0CCFCAA29D44DCF00F91ED1 /* AppDelegate.swift */,
				C0CCFCB029D44DCF00F91ED1 /* GameScene.swift */,
				C0056B8429DDA775003CBE3F /* Classes */,
				C0CCFCB229D44DCF00F91ED1 /* GameViewController.swift */,
				C0CCFCB429D44DCF00F91ED1 /* Main.storyboard */,
				C0CCFCB729D44DD100F91ED1 /* Assets.xcassets */,
				C0CCFCB929D44DD100F91ED1 /* LaunchScreen.storyboard */,
			);
			path = DualScreenGame;
			sourceTree = "<group>";
		};
/* End PBXGroup section */

/* Begin PBXNativeTarget section */
		C0CCFCA629D44DCF00F91ED1 /* DualScreenGame */ = {
			isa = PBXNativeTarget;
			buildConfigurationList = C0CCFCBE29D44DD100F91ED1 /* Build configuration list for PBXNativeTarget "DualScreenGame" */;
			buildPhases = (
				C0CCFCA329D44DCF00F91ED1 /* Sources */,
				C0CCFCA429D44DCF00F91ED1 /* Frameworks */,
				C0CCFCA529D44DCF00F91ED1 /* Resources */,
			);
			buildRules = (
			);
			dependencies = (
			);
			name = DualScreenGame;
			productName = DualScreenGame;
			productReference = C0CCFCA729D44DCF00F91ED1 /* DualScreenGame.app */;
			productType = "com.apple.product-type.application";
		};
/* End PBXNativeTarget section */

/* Begin PBXProject section */
		C0CCFC9F29D44DCF00F91ED1 /* Project object */ = {
			isa = PBXProject;
			attributes = {
				BuildIndependentTargetsInParallel = 1;
				LastSwiftUpdateCheck = 1410;
				LastUpgradeCheck = 1410;
				TargetAttributes = {
					C0CCFCA629D44DCF00F91ED1 = {
						CreatedOnToolsVersion = 14.1;
					};
				};
			};
			buildConfigurationList = C0CCFCA229D44DCF00F91ED1 /* Build configuration list for PBXProject "DualScreenGame" */;
			compatibilityVersion = "Xcode 13.0";
			developmentRegion = en;
			hasScannedForEncodings = 0;
			knownRegions = (
				en,
				Base,
			);
			mainGroup = C0CCFC9E29D44DCF00F91ED1;
			productRefGroup = C0CCFCA829D44DCF00F91ED1 /* Products */;
			projectDirPath = "";
			projectRoot = "";
			targets = (
				C0CCFCA629D44DCF00F91ED1 /* DualScreenGame */,
			);
		};
/* End PBXProject section */

/* Begin PBXResourcesBuildPhase section */
		C0CCFCA529D44DCF00F91ED1 /* Resources */ = {
			isa = PBXResourcesBuildPhase;
			buildActionMask = 2147483647;
			files = (
				C0CCFCB629D44DCF00F91ED1 /* Main.storyboard in Resources */,
				C0CCFCB829D44DD100F91ED1 /* Assets.xcassets in Resources */,
				C0CCFCBB29D44DD100F91ED1 /* LaunchScreen.storyboard in Resources */,
			);
			runOnlyForDeploymentPostprocessing = 0;
		};
/* End PBXResourcesBuildPhase section */

/* Begin PBXSourcesBuildPhase section */
		C0CCFCA329D44DCF00F91ED1 /* Sources */ = {
			isa = PBXSourcesBuildPhase;
			buildActionMask = 2147483647;
			files = (
				C0056B8329DDA770003CBE3F /* PauseButton.swift in Sources */,
				C0CCFCB129D44DCF00F91ED1 /* GameScene.swift in Sources */,
				C0CCFCB329D44DCF00F91ED1 /* GameViewController.swift in Sources */,
				C0056B7F29DC5E58003CBE3F /* StartNode.swift in Sources */,
				C0056B8129DC69D9003CBE3F /* GameNode.swift in Sources */,
				C0CCFCAB29D44DCF00F91ED1 /* AppDelegate.swift in Sources */,
			);
			runOnlyForDeploymentPostprocessing = 0;
		};
/* End PBXSourcesBuildPhase section */

/* Begin PBXVariantGroup section */
		C0CCFCB429D44DCF00F91ED1 /* Main.storyboard */ = {
			isa = PBXVariantGroup;
			children = (
				C0CCFCB529D44DCF00F91ED1 /* Base */,
			);
			name = Main.storyboard;
			sourceTree = "<group>";
		};
		C0CCFCB929D44DD100F91ED1 /* LaunchScreen.storyboard */ = {
			isa = PBXVariantGroup;
			children = (
				C0CCFCBA29D44DD100F91ED1 /* Base */,
			);
			name = LaunchScreen.storyboard;
			sourceTree = "<group>";
		};
/* End PBXVariantGroup section */

/* Begin XCBuildConfiguration section */
		C0CCFCBC29D44DD100F91ED1 /* Debug */ = {
			isa = XCBuildConfiguration;
			buildSettings = {
				ALWAYS_SEARCH_USER_PATHS = NO;
				CLANG_ANALYZER_NONNULL = YES;
				CLANG_ANALYZER_NUMBER_OBJECT_CONVERSION = YES_AGGRESSIVE;
				CLANG_CXX_LANGUAGE_STANDARD = "gnu++20";
				CLANG_ENABLE_MODULES = YES;
				CLANG_ENABLE_OBJC_ARC = YES;
				CLANG_ENABLE_OBJC_WEAK = YES;
				CLANG_WARN_BLOCK_CAPTURE_AUTORELEASING = YES;
				CLANG_WARN_BOOL_CONVERSION = YES;
				CLANG_WARN_COMMA = YES;
				CLANG_WARN_CONSTANT_CONVERSION = YES;
				CLANG_WARN_DEPRECATED_OBJC_IMPLEMENTATIONS = YES;
				CLANG_WARN_DIRECT_OBJC_ISA_USAGE = YES_ERROR;
				CLANG_WARN_DOCUMENTATION_COMMENTS = YES;
				CLANG_WARN_EMPTY_BODY = YES;
				CLANG_WARN_ENUM_CONVERSION = YES;
				CLANG_WARN_INFINITE_RECURSION = YES;
				CLANG_WARN_INT_CONVERSION = YES;
				CLANG_WARN_NON_LITERAL_NULL_CONVERSION = YES;
				CLANG_WARN_OBJC_IMPLICIT_RETAIN_SELF = YES;
				CLANG_WARN_OBJC_LITERAL_CONVERSION = YES;
				CLANG_WARN_OBJC_ROOT_CLASS = YES_ERROR;
				CLANG_WARN_QUOTED_INCLUDE_IN_FRAMEWORK_HEADER = YES;
				CLANG_WARN_RANGE_LOOP_ANALYSIS = YES;
				CLANG_WARN_STRICT_PROTOTYPES = YES;
				CLANG_WARN_SUSPICIOUS_MOVE = YES;
				CLANG_WARN_UNGUARDED_AVAILABILITY = YES_AGGRESSIVE;
				CLANG_WARN_UNREACHABLE_CODE = YES;
				CLANG_WARN__DUPLICATE_METHOD_MATCH = YES;
				COPY_PHASE_STRIP = NO;
				DEBUG_INFORMATION_FORMAT = dwarf;
				ENABLE_STRICT_OBJC_MSGSEND = YES;
				ENABLE_TESTABILITY = YES;
				GCC_C_LANGUAGE_STANDARD = gnu11;
				GCC_DYNAMIC_NO_PIC = NO;
				GCC_NO_COMMON_BLOCKS = YES;
				GCC_OPTIMIZATION_LEVEL = 0;
				GCC_PREPROCESSOR_DEFINITIONS = (
					"DEBUG=1",
					"$(inherited)",
				);
				GCC_WARN_64_TO_32_BIT_CONVERSION = YES;
				GCC_WARN_ABOUT_RETURN_TYPE = YES_ERROR;
				GCC_WARN_UNDECLARED_SELECTOR = YES;
				GCC_WARN_UNINITIALIZED_AUTOS = YES_AGGRESSIVE;
				GCC_WARN_UNUSED_FUNCTION = YES;
				GCC_WARN_UNUSED_VARIABLE = YES;
				IPHONEOS_DEPLOYMENT_TARGET = 16.1;
				MTL_ENABLE_DEBUG_INFO = INCLUDE_SOURCE;
				MTL_FAST_MATH = YES;
				ONLY_ACTIVE_ARCH = YES;
				SDKROOT = iphoneos;
				SWIFT_ACTIVE_COMPILATION_CONDITIONS = DEBUG;
				SWIFT_OPTIMIZATION_LEVEL = "-Onone";
			};
			name = Debug;
		};
		C0CCFCBD29D44DD100F91ED1 /* Release */ = {
			isa = XCBuildConfiguration;
			buildSettings = {
				ALWAYS_SEARCH_USER_PATHS = NO;
				CLANG_ANALYZER_NONNULL = YES;
				CLANG_ANALYZER_NUMBER_OBJECT_CONVERSION = YES_AGGRESSIVE;
				CLANG_CXX_LANGUAGE_STANDARD = "gnu++20";
				CLANG_ENABLE_MODULES = YES;
				CLANG_ENABLE_OBJC_ARC = YES;
				CLANG_ENABLE_OBJC_WEAK = YES;
				CLANG_WARN_BLOCK_CAPTURE_AUTORELEASING = YES;
				CLANG_WARN_BOOL_CONVERSION = YES;
				CLANG_WARN_COMMA = YES;
				CLANG_WARN_CONSTANT_CONVERSION = YES;
				CLANG_WARN_DEPRECATED_OBJC_IMPLEMENTATIONS = YES;
				CLANG_WARN_DIRECT_OBJC_ISA_USAGE = YES_ERROR;
				CLANG_WARN_DOCUMENTATION_COMMENTS = YES;
				CLANG_WARN_EMPTY_BODY = YES;
				CLANG_WARN_ENUM_CONVERSION = YES;
				CLANG_WARN_INFINITE_RECURSION = YES;
				CLANG_WARN_INT_CONVERSION = YES;
				CLANG_WARN_NON_LITERAL_NULL_CONVERSION = YES;
				CLANG_WARN_OBJC_IMPLICIT_RETAIN_SELF = YES;
				CLANG_WARN_OBJC_LITERAL_CONVERSION = YES;
				CLANG_WARN_OBJC_ROOT_CLASS = YES_ERROR;
				CLANG_WARN_QUOTED_INCLUDE_IN_FRAMEWORK_HEADER = YES;
				CLANG_WARN_RANGE_LOOP_ANALYSIS = YES;
				CLANG_WARN_STRICT_PROTOTYPES = YES;
				CLANG_WARN_SUSPICIOUS_MOVE = YES;
				CLANG_WARN_UNGUARDED_AVAILABILITY = YES_AGGRESSIVE;
				CLANG_WARN_UNREACHABLE_CODE = YES;
				CLANG_WARN__DUPLICATE_METHOD_MATCH = YES;
				COPY_PHASE_STRIP = NO;
				DEBUG_INFORMATION_FORMAT = "dwarf-with-dsym";
				ENABLE_NS_ASSERTIONS = NO;
				ENABLE_STRICT_OBJC_MSGSEND = YES;
				GCC_C_LANGUAGE_STANDARD = gnu11;
				GCC_NO_COMMON_BLOCKS = YES;
				GCC_WARN_64_TO_32_BIT_CONVERSION = YES;
				GCC_WARN_ABOUT_RETURN_TYPE = YES_ERROR;
				GCC_WARN_UNDECLARED_SELECTOR = YES;
				GCC_WARN_UNINITIALIZED_AUTOS = YES_AGGRESSIVE;
				GCC_WARN_UNUSED_FUNCTION = YES;
				GCC_WARN_UNUSED_VARIABLE = YES;
				IPHONEOS_DEPLOYMENT_TARGET = 16.1;
				MTL_ENABLE_DEBUG_INFO = NO;
				MTL_FAST_MATH = YES;
				SDKROOT = iphoneos;
				SWIFT_COMPILATION_MODE = wholemodule;
				SWIFT_OPTIMIZATION_LEVEL = "-O";
				VALIDATE_PRODUCT = YES;
			};
			name = Release;
		};
		C0CCFCBF29D44DD100F91ED1 /* Debug */ = {
			isa = XCBuildConfiguration;
			buildSettings = {
				ASSETCATALOG_COMPILER_APPICON_NAME = AppIcon;
				ASSETCATALOG_COMPILER_GLOBAL_ACCENT_COLOR_NAME = AccentColor;
				CODE_SIGN_STYLE = Automatic;
				CURRENT_PROJECT_VERSION = 1;
				DEVELOPMENT_TEAM = 787WGZ5DQQ;
				GENERATE_INFOPLIST_FILE = YES;
				INFOPLIST_KEY_UIApplicationSupportsIndirectInputEvents = YES;
				INFOPLIST_KEY_UILaunchStoryboardName = LaunchScreen;
				INFOPLIST_KEY_UIMainStoryboardFile = Main;
				INFOPLIST_KEY_UIStatusBarHidden = YES;
				INFOPLIST_KEY_UISupportedInterfaceOrientations = "UIInterfaceOrientationLandscapeLeft UIInterfaceOrientationLandscapeRight";
				INFOPLIST_KEY_UISupportedInterfaceOrientations_iPad = "UIInterfaceOrientationLandscapeLeft UIInterfaceOrientationLandscapeRight UIInterfaceOrientationPortrait UIInterfaceOrientationPortraitUpsideDown";
				IPHONEOS_DEPLOYMENT_TARGET = 15.0;
				LD_RUNPATH_SEARCH_PATHS = (
					"$(inherited)",
					"@executable_path/Frameworks",
				);
				MARKETING_VERSION = 1.0;
				PRODUCT_BUNDLE_IDENTIFIER = "-.DualScreenGame";
				PRODUCT_NAME = "$(TARGET_NAME)";
				SUPPORTED_PLATFORMS = "iphoneos iphonesimulator";
				SUPPORTS_MACCATALYST = NO;
				SUPPORTS_MAC_DESIGNED_FOR_IPHONE_IPAD = NO;
				SWIFT_EMIT_LOC_STRINGS = YES;
				SWIFT_VERSION = 5.0;
				TARGETED_DEVICE_FAMILY = 1;
			};
			name = Debug;
		};
		C0CCFCC029D44DD100F91ED1 /* Release */ = {
			isa = XCBuildConfiguration;
			buildSettings = {
				ASSETCATALOG_COMPILER_APPICON_NAME = AppIcon;
				ASSETCATALOG_COMPILER_GLOBAL_ACCENT_COLOR_NAME = AccentColor;
				CODE_SIGN_STYLE = Automatic;
				CURRENT_PROJECT_VERSION = 1;
				DEVELOPMENT_TEAM = 787WGZ5DQQ;
				GENERATE_INFOPLIST_FILE = YES;
				INFOPLIST_KEY_UIApplicationSupportsIndirectInputEvents = YES;
				INFOPLIST_KEY_UILaunchStoryboardName = LaunchScreen;
				INFOPLIST_KEY_UIMainStoryboardFile = Main;
				INFOPLIST_KEY_UIStatusBarHidden = YES;
				INFOPLIST_KEY_UISupportedInterfaceOrientations = "UIInterfaceOrientationLandscapeLeft UIInterfaceOrientationLandscapeRight";
				INFOPLIST_KEY_UISupportedInterfaceOrientations_iPad = "UIInterfaceOrientationLandscapeLeft UIInterfaceOrientationLandscapeRight UIInterfaceOrientationPortrait UIInterfaceOrientationPortraitUpsideDown";
				IPHONEOS_DEPLOYMENT_TARGET = 15.0;
				LD_RUNPATH_SEARCH_PATHS = (
					"$(inherited)",
					"@executable_path/Frameworks",
				);
				MARKETING_VERSION = 1.0;
				PRODUCT_BUNDLE_IDENTIFIER = "-.DualScreenGame";
				PRODUCT_NAME = "$(TARGET_NAME)";
				SUPPORTED_PLATFORMS = "iphoneos iphonesimulator";
				SUPPORTS_MACCATALYST = NO;
				SUPPORTS_MAC_DESIGNED_FOR_IPHONE_IPAD = NO;
				SWIFT_EMIT_LOC_STRINGS = YES;
				SWIFT_VERSION = 5.0;
				TARGETED_DEVICE_FAMILY = 1;
			};
			name = Release;
		};
/* End XCBuildConfiguration section */

/* Begin XCConfigurationList section */
		C0CCFCA229D44DCF00F91ED1 /* Build configuration list for PBXProject "DualScreenGame" */ = {
			isa = XCConfigurationList;
			buildConfigurations = (
				C0CCFCBC29D44DD100F91ED1 /* Debug */,
				C0CCFCBD29D44DD100F91ED1 /* Release */,
			);
			defaultConfigurationIsVisible = 0;
			defaultConfigurationName = Release;
		};
		C0CCFCBE29D44DD100F91ED1 /* Build configuration list for PBXNativeTarget "DualScreenGame" */ = {
			isa = XCConfigurationList;
			buildConfigurations = (
				C0CCFCBF29D44DD100F91ED1 /* Debug */,
				C0CCFCC029D44DD100F91ED1 /* Release */,
			);
			defaultConfigurationIsVisible = 0;
			defaultConfigurationName = Release;
		};
/* End XCConfigurationList section */
	};
	rootObject = C0CCFC9F29D44DCF00F91ED1 /* Project object */;
}
